github.com/davecgh/go-spew v1.1.0/go.mod h1:J7Y8YcW2NihsgmVo/mv3lAwl/skON4iLHjSsI+c5H38=
github.com/davecgh/go-spew v1.1.1/go.mod h1:J7Y8YcW2NihsgmVo/mv3lAwl/skON4iLHjSsI+c5H38=
github.com/go-logr/logr v0.1.0/go.mod h1:ixOQHD9gLJUVQQ2ZOR7zLEifBX6tGkNJF4QyIY7sIas=
github.com/go-logr/logr v1.2.0/go.mod h1:jdQByPbusPIv2/zmleS9BjJVeZ6kBagPoEUsqbVz/1A=
github.com/go-logr/logr v1.2.3 h1:2DntVwHkVopvECVRSlL5PSo9eG+cAkDCuckLubN+rq0=
github.com/go-logr/logr v1.2.3/go.mod h1:jdQByPbusPIv2/zmleS9BjJVeZ6kBagPoEUsqbVz/1A=
github.com/pmezard/go-difflib v1.0.0/go.mod h1:iKH77koFhYxTK1pcRnkKkqfTogsbg7gZNVY4sRDYZ/4=
github.com/spf13/afero v1.2.2/go.mod h1:9ZxEEn6pIJ8Rxe320qSDBk6AsU0r9pR7Q4OcevTdifk=
github.com/stretchr/objx v0.1.0/go.mod h1:HFkY916IF+rwdDfMAkV7OtwuqBVzrE8GR6GFx+wExME=
github.com/stretchr/testify v1.3.0/go.mod h1:M5WIy9Dh21IEIfnGCwXGc5bZfKNJtfHm1UVUgZn+9EI=
golang.org/x/text v0.3.0/go.mod h1:NqM8EUOU14njkJ3fqMW+pc6Ldnwhi/IjpwHt7yyuwOQ=
k8s.io/apimachinery v0.25.0 h1:MlP0r6+3XbkUG2itd6vp3oxbtdQLQI94fD5gCS+gnoU=
k8s.io/apimachinery v0.25.0/go.mod h1:qMx9eAk0sZQGsXGu86fab8tZdffHbwUfsvzqKn4mfB0=
k8s.io/klog/v2 v2.0.0/go.mod h1:PBfzABfn139FHAV07az/IF9Wp1bkk3vpT2XSJ76fSDE=
k8s.io/klog/v2 v2.70.1 h1:7aaoSdahviPmR+XkS7FyxlkkXs6tHISSG03RxleQAVQ=
k8s.io/klog/v2 v2.70.1/go.mod h1:y1WjHnz7Dj687irZUWR/WLkLc5N1YHtjLdmgWjndZn0=
k8s.io/utils v0.0.0-20220728103510-ee6ede2d64ed h1:jAne/RjBTyawwAy0utX5eqigAwz/lQhTmy+Hr/Cpue4=
k8s.io/utils v0.0.0-20220728103510-ee6ede2d64ed/go.mod h1:jPW/WVKK9YHAvNhRxK0md/EJ228hCsBRufyofKtW8HA=
